
Microsoft Visual Studio Solution File, Format Version 12.00
# Visual Studio 14
VisualStudioVersion = 14.0.25420.1
MinimumVisualStudioVersion = 10.0.40219.1
Project("{8BC9CEB8-8B4A-11D0-8D11-00A0C91BC942}") = "LabPolinom", "LabPolinom\LabPolinom.vcxproj", "{E7D70B49-0CD1-4DD1-9D65-4153F23ADAA4}"
EndProject
Project("{8BC9CEB8-8B4A-11D0-8D11-00A0C91BC942}") = "GoogleTest", "GoogleTest\GoogleTest.vcxproj", "{F27B58DB-8828-4117-A25A-E7D988C9D2EF}"
EndProject
Project("{8BC9CEB8-8B4A-11D0-8D11-00A0C91BC942}") = "gteast", "gteast\gteast.vcxproj", "{3A9196EE-10BE-4330-8780-B58405FAF9E2}"
EndProject
Global
	GlobalSection(SolutionConfigurationPlatforms) = preSolution
		Debug|x64 = Debug|x64
		Debug|x86 = Debug|x86
		Release|x64 = Release|x64
		Release|x86 = Release|x86
	EndGlobalSection
	GlobalSection(ProjectConfigurationPlatforms) = postSolution
		{E7D70B49-0CD1-4DD1-9D65-4153F23ADAA4}.Debug|x64.ActiveCfg = Debug|x64
		{E7D70B49-0CD1-4DD1-9D65-4153F23ADAA4}.Debug|x64.Build.0 = Debug|x64
		{E7D70B49-0CD1-4DD1-9D65-4153F23ADAA4}.Debug|x86.ActiveCfg = Debug|Win32
		{E7D70B49-0CD1-4DD1-9D65-4153F23ADAA4}.Debug|x86.Build.0 = Debug|Win32
		{E7D70B49-0CD1-4DD1-9D65-4153F23ADAA4}.Release|x64.ActiveCfg = Release|x64
		{E7D70B49-0CD1-4DD1-9D65-4153F23ADAA4}.Release|x64.Build.0 = Release|x64
		{E7D70B49-0CD1-4DD1-9D65-4153F23ADAA4}.Release|x86.ActiveCfg = Release|Win32
		{E7D70B49-0CD1-4DD1-9D65-4153F23ADAA4}.Release|x86.Build.0 = Release|Win32
		{F27B58DB-8828-4117-A25A-E7D988C9D2EF}.Debug|x64.ActiveCfg = Debug|x64
		{F27B58DB-8828-4117-A25A-E7D988C9D2EF}.Debug|x64.Build.0 = Debug|x64
		{F27B58DB-8828-4117-A25A-E7D988C9D2EF}.Debug|x86.ActiveCfg = Debug|Win32
		{F27B58DB-8828-4117-A25A-E7D988C9D2EF}.Debug|x86.Build.0 = Debug|Win32
		{F27B58DB-8828-4117-A25A-E7D988C9D2EF}.Release|x64.ActiveCfg = Release|x64
		{F27B58DB-8828-4117-A25A-E7D988C9D2EF}.Release|x64.Build.0 = Release|x64
		{F27B58DB-8828-4117-A25A-E7D988C9D2EF}.Release|x86.ActiveCfg = Release|Win32
		{F27B58DB-8828-4117-A25A-E7D988C9D2EF}.Release|x86.Build.0 = Release|Win32
		{3A9196EE-10BE-4330-8780-B58405FAF9E2}.Debug|x64.ActiveCfg = Debug|x64
		{3A9196EE-10BE-4330-8780-B58405FAF9E2}.Debug|x64.Build.0 = Debug|x64
		{3A9196EE-10BE-4330-8780-B58405FAF9E2}.Debug|x86.ActiveCfg = Debug|Win32
		{3A9196EE-10BE-4330-8780-B58405FAF9E2}.Debug|x86.Build.0 = Debug|Win32
		{3A9196EE-10BE-4330-8780-B58405FAF9E2}.Release|x64.ActiveCfg = Release|x64
		{3A9196EE-10BE-4330-8780-B58405FAF9E2}.Release|x64.Build.0 = Release|x64
		{3A9196EE-10BE-4330-8780-B58405FAF9E2}.Release|x86.ActiveCfg = Release|Win32
		{3A9196EE-10BE-4330-8780-B58405FAF9E2}.Release|x86.Build.0 = Release|Win32
	EndGlobalSection
	GlobalSection(SolutionProperties) = preSolution
		HideSolutionNode = FALSE
	EndGlobalSection
EndGlobal
